
Microsoft Visual Studio Solution File, Format Version 12.00
# Visual Studio 15
VisualStudioVersion = 15.0.26124.0
MinimumVisualStudioVersion = 15.0.26124.0
Project("{FAE04EC0-301F-11D3-BF4B-00C04F79EFBC}") = "ASPNETCORE_SAMPLE.Web", "ASPNETCORE_SAMPLE.Web\ASPNETCORE_SAMPLE.Web.csproj", "{10DBF44A-6AAE-498A-836D-E80C6813C852}"
EndProject
Project("{FAE04EC0-301F-11D3-BF4B-00C04F79EFBC}") = "ASPNETCORE_SAMPLE.Cli", "ASPNETCORE_SAMPLE.Cli\ASPNETCORE_SAMPLE.Cli.csproj", "{BD2EA9C4-7477-4EA9-9447-CB73E94E7B9B}"
EndProject
Project("{FAE04EC0-301F-11D3-BF4B-00C04F79EFBC}") = "ASPNETCORE_SAMPLE.Common", "ASPNETCORE_SAMPLE.Common\ASPNETCORE_SAMPLE.Common.csproj", "{B3567EDE-F2CF-49AA-8C40-D31164F4B49E}"
EndProject
Project("{FAE04EC0-301F-11D3-BF4B-00C04F79EFBC}") = "ASPNETCORE_SAMPLE.Tests", "ASPNETCORE_SAMPLE.Tests\ASPNETCORE_SAMPLE.Tests.csproj", "{156080D5-D76E-42CE-B2C4-786D839A30EA}"
EndProject
Global
	GlobalSection(SolutionConfigurationPlatforms) = preSolution
		Debug|Any CPU = Debug|Any CPU
		Debug|x64 = Debug|x64
		Debug|x86 = Debug|x86
		Release|Any CPU = Release|Any CPU
		Release|x64 = Release|x64
		Release|x86 = Release|x86
	EndGlobalSection
	GlobalSection(SolutionProperties) = preSolution
		HideSolutionNode = FALSE
	EndGlobalSection
	GlobalSection(ProjectConfigurationPlatforms) = postSolution
		{10DBF44A-6AAE-498A-836D-E80C6813C852}.Debug|Any CPU.ActiveCfg = Debug|Any CPU
		{10DBF44A-6AAE-498A-836D-E80C6813C852}.Debug|Any CPU.Build.0 = Debug|Any CPU
		{10DBF44A-6AAE-498A-836D-E80C6813C852}.Debug|x64.ActiveCfg = Debug|Any CPU
		{10DBF44A-6AAE-498A-836D-E80C6813C852}.Debug|x64.Build.0 = Debug|Any CPU
		{10DBF44A-6AAE-498A-836D-E80C6813C852}.Debug|x86.ActiveCfg = Debug|Any CPU
		{10DBF44A-6AAE-498A-836D-E80C6813C852}.Debug|x86.Build.0 = Debug|Any CPU
		{10DBF44A-6AAE-498A-836D-E80C6813C852}.Release|Any CPU.ActiveCfg = Release|Any CPU
		{10DBF44A-6AAE-498A-836D-E80C6813C852}.Release|Any CPU.Build.0 = Release|Any CPU
		{10DBF44A-6AAE-498A-836D-E80C6813C852}.Release|x64.ActiveCfg = Release|Any CPU
		{10DBF44A-6AAE-498A-836D-E80C6813C852}.Release|x64.Build.0 = Release|Any CPU
		{10DBF44A-6AAE-498A-836D-E80C6813C852}.Release|x86.ActiveCfg = Release|Any CPU
		{10DBF44A-6AAE-498A-836D-E80C6813C852}.Release|x86.Build.0 = Release|Any CPU
		{BD2EA9C4-7477-4EA9-9447-CB73E94E7B9B}.Debug|Any CPU.ActiveCfg = Debug|Any CPU
		{BD2EA9C4-7477-4EA9-9447-CB73E94E7B9B}.Debug|Any CPU.Build.0 = Debug|Any CPU
		{BD2EA9C4-7477-4EA9-9447-CB73E94E7B9B}.Debug|x64.ActiveCfg = Debug|Any CPU
		{BD2EA9C4-7477-4EA9-9447-CB73E94E7B9B}.Debug|x64.Build.0 = Debug|Any CPU
		{BD2EA9C4-7477-4EA9-9447-CB73E94E7B9B}.Debug|x86.ActiveCfg = Debug|Any CPU
		{BD2EA9C4-7477-4EA9-9447-CB73E94E7B9B}.Debug|x86.Build.0 = Debug|Any CPU
		{BD2EA9C4-7477-4EA9-9447-CB73E94E7B9B}.Release|Any CPU.ActiveCfg = Release|Any CPU
		{BD2EA9C4-7477-4EA9-9447-CB73E94E7B9B}.Release|Any CPU.Build.0 = Release|Any CPU
		{BD2EA9C4-7477-4EA9-9447-CB73E94E7B9B}.Release|x64.ActiveCfg = Release|Any CPU
		{BD2EA9C4-7477-4EA9-9447-CB73E94E7B9B}.Release|x64.Build.0 = Release|Any CPU
		{BD2EA9C4-7477-4EA9-9447-CB73E94E7B9B}.Release|x86.ActiveCfg = Release|Any CPU
		{BD2EA9C4-7477-4EA9-9447-CB73E94E7B9B}.Release|x86.Build.0 = Release|Any CPU
		{B3567EDE-F2CF-49AA-8C40-D31164F4B49E}.Debug|Any CPU.ActiveCfg = Debug|Any CPU
		{B3567EDE-F2CF-49AA-8C40-D31164F4B49E}.Debug|Any CPU.Build.0 = Debug|Any CPU
		{B3567EDE-F2CF-49AA-8C40-D31164F4B49E}.Debug|x64.ActiveCfg = Debug|Any CPU
		{B3567EDE-F2CF-49AA-8C40-D31164F4B49E}.Debug|x64.Build.0 = Debug|Any CPU
		{B3567EDE-F2CF-49AA-8C40-D31164F4B49E}.Debug|x86.ActiveCfg = Debug|Any CPU
		{B3567EDE-F2CF-49AA-8C40-D31164F4B49E}.Debug|x86.Build.0 = Debug|Any CPU
		{B3567EDE-F2CF-49AA-8C40-D31164F4B49E}.Release|Any CPU.ActiveCfg = Release|Any CPU
		{B3567EDE-F2CF-49AA-8C40-D31164F4B49E}.Release|Any CPU.Build.0 = Release|Any CPU
		{B3567EDE-F2CF-49AA-8C40-D31164F4B49E}.Release|x64.ActiveCfg = Release|Any CPU
		{B3567EDE-F2CF-49AA-8C40-D31164F4B49E}.Release|x64.Build.0 = Release|Any CPU
		{B3567EDE-F2CF-49AA-8C40-D31164F4B49E}.Release|x86.ActiveCfg = Release|Any CPU
		{B3567EDE-F2CF-49AA-8C40-D31164F4B49E}.Release|x86.Build.0 = Release|Any CPU
		{156080D5-D76E-42CE-B2C4-786D839A30EA}.Debug|Any CPU.ActiveCfg = Debug|Any CPU
		{156080D5-D76E-42CE-B2C4-786D839A30EA}.Debug|Any CPU.Build.0 = Debug|Any CPU
		{156080D5-D76E-42CE-B2C4-786D839A30EA}.Debug|x64.ActiveCfg = Debug|Any CPU
		{156080D5-D76E-42CE-B2C4-786D839A30EA}.Debug|x64.Build.0 = Debug|Any CPU
		{156080D5-D76E-42CE-B2C4-786D839A30EA}.Debug|x86.ActiveCfg = Debug|Any CPU
		{156080D5-D76E-42CE-B2C4-786D839A30EA}.Debug|x86.Build.0 = Debug|Any CPU
		{156080D5-D76E-42CE-B2C4-786D839A30EA}.Release|Any CPU.ActiveCfg = Release|Any CPU
		{156080D5-D76E-42CE-B2C4-786D839A30EA}.Release|Any CPU.Build.0 = Release|Any CPU
		{156080D5-D76E-42CE-B2C4-786D839A30EA}.Release|x64.ActiveCfg = Release|Any CPU
		{156080D5-D76E-42CE-B2C4-786D839A30EA}.Release|x64.Build.0 = Release|Any CPU
		{156080D5-D76E-42CE-B2C4-786D839A30EA}.Release|x86.ActiveCfg = Release|Any CPU
		{156080D5-D76E-42CE-B2C4-786D839A30EA}.Release|x86.Build.0 = Release|Any CPU
	EndGlobalSection
EndGlobal
